// !$*UTF8*$!
{
	archiveVersion = 1;
	classes = {
	};
	objectVersion = 46;
	objects = {

/* Begin PBXBuildFile section */
		0BCE573C1B63363AB6B1C149 /* VLSettingsModule.swift in Sources */ = {isa = PBXBuildFile; fileRef = 81368BF3CD40892875ED855C /* VLSettingsModule.swift */; };
		0FBF239FF984C48FD6B937C9 /* VLLogModule.swift in Sources */ = {isa = PBXBuildFile; fileRef = C1A5E33321A8D06F525E929A /* VLLogModule.swift */; };
		12697396A1209522102FC9E0 /* Cocoa.framework in Frameworks */ = {isa = PBXBuildFile; fileRef = B303CF7C90B5BB28FD4D2C0E /* Cocoa.framework */; };
		155D901B5C13FAC446258458 /* HotkeyCenter.swift in Sources */ = {isa = PBXBuildFile; fileRef = DC70A541D10377FE08621D35 /* HotkeyCenter.swift */; };
		1690986E0D8870C8AAA56460 /* SettingsStore.swift in Sources */ = {isa = PBXBuildFile; fileRef = 33D48C9124B0D9450BA3E79B /* SettingsStore.swift */; };
		1B4A5AF583B6B11CF051E640 /* HotkeySettingsParsingTests.swift in Sources */ = {isa = PBXBuildFile; fileRef = A8CFA25EA0CD62211C41490B /* HotkeySettingsParsingTests.swift */; };
		1BAE76ECE790331CC8E26A5A /* SettingsStore.swift in Sources */ = {isa = PBXBuildFile; fileRef = 33D48C9124B0D9450BA3E79B /* SettingsStore.swift */; };
		1CF6CF38A6DFAF00B13D3AB5 /* OverlayWindowController.swift in Sources */ = {isa = PBXBuildFile; fileRef = A702284B8144EC0176DA0DFD /* OverlayWindowController.swift */; };
		23B1BAC620311EB7F1A8DDCA /* GameLogWatcher.swift in Sources */ = {isa = PBXBuildFile; fileRef = 4E3C8A5737C772C499E27447 /* GameLogWatcher.swift */; };
		2B441AAAE31406CA5025D7C9 /* OverlayPanel.swift in Sources */ = {isa = PBXBuildFile; fileRef = A9540FB40722B840FA36ECE3 /* OverlayPanel.swift */; };
		44F66BE01C838CB17E5A008E /* PrivacyInfo.xcprivacy in Resources */ = {isa = PBXBuildFile; fileRef = 05FB2875FA02863ABD5660CE /* PrivacyInfo.xcprivacy */; };
		514201522437B4B40078DB4F /* Assets.xcassets in Resources */ = {isa = PBXBuildFile; fileRef = 514201512437B4B40078DB4F /* Assets.xcassets */; };
		5AEDD58F321DBF22A2CB33AA /* AppDelegate.swift in Sources */ = {isa = PBXBuildFile; fileRef = 42FBA26AFA2667DACACED3C1 /* AppDelegate.swift */; };
		5F468021CB5B978730AE2573 /* StatusItemController.swift in Sources */ = {isa = PBXBuildFile; fileRef = 3B80B8C60BF70F37758656B6 /* StatusItemController.swift */; };
		608B357E591D44B2262B9B9D /* VLEventsModule.swift in Sources */ = {isa = PBXBuildFile; fileRef = 6C38B0A1F206AF0D81CE5D7C /* VLEventsModule.swift */; };
		68C87FEB0C9C4FB4203E2BF9 /* LogStore.swift in Sources */ = {isa = PBXBuildFile; fileRef = 240305C6AA93FC8777D51691 /* LogStore.swift */; };
		6C40D4035A68C6484EC25C23 /* ReactHost.swift in Sources */ = {isa = PBXBuildFile; fileRef = 0E4516344722C65BA9DBE6E9 /* ReactHost.swift */; };
		8EA37AF6622B0834EEBA37D6 /* VaaluationModules.m in Sources */ = {isa = PBXBuildFile; fileRef = D13F5198BA95668A2ECDFC55 /* VaaluationModules.m */; };
		92E695D35201919BFA6CA00B /* ChatSender.swift in Sources */ = {isa = PBXBuildFile; fileRef = 1B5B24F0A09AE81DEA0E4569 /* ChatSender.swift */; };
		9A23B852E1686DDE0900DCEA /* KeyCombo.swift in Sources */ = {isa = PBXBuildFile; fileRef = 44DFEF41B75EFB2E10F1435B /* KeyCombo.swift */; };
		A013EE07ECDAB6A5790299CD /* VLClipboardModule.swift in Sources */ = {isa = PBXBuildFile; fileRef = 73428FDC40AC06D37FC3368D /* VLClipboardModule.swift */; };
		A04FF082C06452BF534D1126 /* VLPermissionsModule.swift in Sources */ = {isa = PBXBuildFile; fileRef = 4366BFF47442E947BE623552 /* VLPermissionsModule.swift */; };
		A6FEFDFF1DA5FDFE181EE153 /* GameLocator.swift in Sources */ = {isa = PBXBuildFile; fileRef = BCD08045DBEB408FB2B9E64F /* GameLocator.swift */; };
		B550BF618DC5430BEDF6B9CC /* VLTradeModule.swift in Sources */ = {isa = PBXBuildFile; fileRef = 2C3ECACCC8206E31AE00BA4E /* VLTradeModule.swift */; };
		B70227B36192B6CCFF27F03D /* ClipboardService.swift in Sources */ = {isa = PBXBuildFile; fileRef = 6D8A5663990062C021E2A7A8 /* ClipboardService.swift */; };
		BB2C67662436BD82F484D9C8 /* LogStore.swift in Sources */ = {isa = PBXBuildFile; fileRef = 240305C6AA93FC8777D51691 /* LogStore.swift */; };
		BFF2EE8519FE267E51C09757 /* main.swift in Sources */ = {isa = PBXBuildFile; fileRef = 38529207DCF185CF25959008 /* main.swift */; };
		CA2920A90CD53B2D08012B3E /* PermissionService.swift in Sources */ = {isa = PBXBuildFile; fileRef = B78BE21688D0EC2E322BB4C7 /* PermissionService.swift */; };
		CD783F47466A13D0A29647B9 /* HotkeyCenter.swift in Sources */ = {isa = PBXBuildFile; fileRef = DC70A541D10377FE08621D35 /* HotkeyCenter.swift */; };
		D30D99F41D40125C969CE038 /* VLHotkeysModule.swift in Sources */ = {isa = PBXBuildFile; fileRef = 40204572A5C05583C813CC9A /* VLHotkeysModule.swift */; };
		D4F677639FBA12578E379D39 /* libPods-Vaaluation-macOS.a in Frameworks */ = {isa = PBXBuildFile; fileRef = 5D7D9F64AC2C307672F54D7A /* libPods-Vaaluation-macOS.a */; };
		DF9500C81B596470B049AE4F /* KeyComboTests.swift in Sources */ = {isa = PBXBuildFile; fileRef = D5E85FCB98F12D4B6CD340B6 /* KeyComboTests.swift */; };
		EAA2B5A8B506FB95DA66F9B7 /* KeyCombo.swift in Sources */ = {isa = PBXBuildFile; fileRef = 44DFEF41B75EFB2E10F1435B /* KeyCombo.swift */; };
		EDD950BFF6A7E14D7A28B71D /* SettingsWindowController.swift in Sources */ = {isa = PBXBuildFile; fileRef = 8EDB5C62CC3EEDF2B5846057 /* SettingsWindowController.swift */; };
/* End PBXBuildFile section */

/* Begin PBXFileReference section */
		05FB2875FA02863ABD5660CE /* PrivacyInfo.xcprivacy */ = {isa = PBXFileReference; includeInIndex = 1; name = PrivacyInfo.xcprivacy; path = ../PrivacyInfo.xcprivacy; sourceTree = "<group>"; };
		0D11812BCC4AD3C4C98B555C /* Vaaluation-Bridging-Header.h */ = {isa = PBXFileReference; includeInIndex = 1; lastKnownFileType = sourcecode.c.h; path = "Vaaluation-Bridging-Header.h"; sourceTree = "<group>"; };
		0E4516344722C65BA9DBE6E9 /* ReactHost.swift */ = {isa = PBXFileReference; includeInIndex = 1; lastKnownFileType = sourcecode.swift; path = ReactHost.swift; sourceTree = "<group>"; };
		1B5B24F0A09AE81DEA0E4569 /* ChatSender.swift */ = {isa = PBXFileReference; includeInIndex = 1; lastKnownFileType = sourcecode.swift; path = ChatSender.swift; sourceTree = "<group>"; };
		240305C6AA93FC8777D51691 /* LogStore.swift */ = {isa = PBXFileReference; includeInIndex = 1; lastKnownFileType = sourcecode.swift; path = LogStore.swift; sourceTree = "<group>"; };
		2C3ECACCC8206E31AE00BA4E /* VLTradeModule.swift */ = {isa = PBXFileReference; includeInIndex = 1; lastKnownFileType = sourcecode.swift; path = VLTradeModule.swift; sourceTree = "<group>"; };
		303936647C698B334F094289 /* VaaluationTests.xctest */ = {isa = PBXFileReference; explicitFileType = wrapper.cfbundle; includeInIndex = 0; path = VaaluationTests.xctest; sourceTree = BUILT_PRODUCTS_DIR; };
		33D48C9124B0D9450BA3E79B /* SettingsStore.swift */ = {isa = PBXFileReference; includeInIndex = 1; lastKnownFileType = sourcecode.swift; path = SettingsStore.swift; sourceTree = "<group>"; };
		38529207DCF185CF25959008 /* main.swift */ = {isa = PBXFileReference; includeInIndex = 1; lastKnownFileType = sourcecode.swift; path = main.swift; sourceTree = "<group>"; };
		3B80B8C60BF70F37758656B6 /* StatusItemController.swift */ = {isa = PBXFileReference; includeInIndex = 1; lastKnownFileType = sourcecode.swift; path = StatusItemController.swift; sourceTree = "<group>"; };
		3EB8B3851113F3B07B5DC880 /* Pods-Vaaluation-macOS.release.xcconfig */ = {isa = PBXFileReference; includeInIndex = 1; lastKnownFileType = text.xcconfig; name = "Pods-Vaaluation-macOS.release.xcconfig"; path = "Target Support Files/Pods-Vaaluation-macOS/Pods-Vaaluation-macOS.release.xcconfig"; sourceTree = "<group>"; };
		40204572A5C05583C813CC9A /* VLHotkeysModule.swift */ = {isa = PBXFileReference; includeInIndex = 1; lastKnownFileType = sourcecode.swift; path = VLHotkeysModule.swift; sourceTree = "<group>"; };
		42FBA26AFA2667DACACED3C1 /* AppDelegate.swift */ = {isa = PBXFileReference; includeInIndex = 1; lastKnownFileType = sourcecode.swift; path = AppDelegate.swift; sourceTree = "<group>"; };
		4366BFF47442E947BE623552 /* VLPermissionsModule.swift */ = {isa = PBXFileReference; includeInIndex = 1; lastKnownFileType = sourcecode.swift; path = VLPermissionsModule.swift; sourceTree = "<group>"; };
		44DFEF41B75EFB2E10F1435B /* KeyCombo.swift */ = {isa = PBXFileReference; includeInIndex = 1; lastKnownFileType = sourcecode.swift; path = KeyCombo.swift; sourceTree = "<group>"; };
		4E3C8A5737C772C499E27447 /* GameLogWatcher.swift */ = {isa = PBXFileReference; includeInIndex = 1; lastKnownFileType = sourcecode.swift; path = GameLogWatcher.swift; sourceTree = "<group>"; };
		514201492437B4B30078DB4F /* Vaaluation.app */ = {isa = PBXFileReference; explicitFileType = wrapper.application; includeInIndex = 0; path = Vaaluation.app; sourceTree = BUILT_PRODUCTS_DIR; };
		514201512437B4B40078DB4F /* Assets.xcassets */ = {isa = PBXFileReference; lastKnownFileType = folder.assetcatalog; path = Assets.xcassets; sourceTree = "<group>"; };
		514201562437B4B40078DB4F /* Info.plist */ = {isa = PBXFileReference; lastKnownFileType = text.plist.xml; path = Info.plist; sourceTree = "<group>"; };
		514201592437B4B40078DB4F /* Vaaluation.entitlements */ = {isa = PBXFileReference; lastKnownFileType = text.plist.entitlements; path = Vaaluation.entitlements; sourceTree = "<group>"; };
		5D7D9F64AC2C307672F54D7A /* libPods-Vaaluation-macOS.a */ = {isa = PBXFileReference; explicitFileType = archive.ar; includeInIndex = 0; path = "libPods-Vaaluation-macOS.a"; sourceTree = BUILT_PRODUCTS_DIR; };
		6C38B0A1F206AF0D81CE5D7C /* VLEventsModule.swift */ = {isa = PBXFileReference; includeInIndex = 1; lastKnownFileType = sourcecode.swift; path = VLEventsModule.swift; sourceTree = "<group>"; };
		6D8A5663990062C021E2A7A8 /* ClipboardService.swift */ = {isa = PBXFileReference; includeInIndex = 1; lastKnownFileType = sourcecode.swift; path = ClipboardService.swift; sourceTree = "<group>"; };
		73428FDC40AC06D37FC3368D /* VLClipboardModule.swift */ = {isa = PBXFileReference; includeInIndex = 1; lastKnownFileType = sourcecode.swift; path = VLClipboardModule.swift; sourceTree = "<group>"; };
		81368BF3CD40892875ED855C /* VLSettingsModule.swift */ = {isa = PBXFileReference; includeInIndex = 1; lastKnownFileType = sourcecode.swift; path = VLSettingsModule.swift; sourceTree = "<group>"; };
		8EDB5C62CC3EEDF2B5846057 /* SettingsWindowController.swift */ = {isa = PBXFileReference; includeInIndex = 1; lastKnownFileType = sourcecode.swift; path = SettingsWindowController.swift; sourceTree = "<group>"; };
		A702284B8144EC0176DA0DFD /* OverlayWindowController.swift */ = {isa = PBXFileReference; includeInIndex = 1; lastKnownFileType = sourcecode.swift; path = OverlayWindowController.swift; sourceTree = "<group>"; };
		A8CFA25EA0CD62211C41490B /* HotkeySettingsParsingTests.swift */ = {isa = PBXFileReference; includeInIndex = 1; lastKnownFileType = sourcecode.swift; path = HotkeySettingsParsingTests.swift; sourceTree = "<group>"; };
		A9540FB40722B840FA36ECE3 /* OverlayPanel.swift */ = {isa = PBXFileReference; includeInIndex = 1; lastKnownFileType = sourcecode.swift; path = OverlayPanel.swift; sourceTree = "<group>"; };
		B303CF7C90B5BB28FD4D2C0E /* Cocoa.framework */ = {isa = PBXFileReference; lastKnownFileType = wrapper.framework; name = Cocoa.framework; path = Platforms/MacOSX.platform/Developer/SDKs/MacOSX15.0.sdk/System/Library/Frameworks/Cocoa.framework; sourceTree = DEVELOPER_DIR; };
		B78BE21688D0EC2E322BB4C7 /* PermissionService.swift */ = {isa = PBXFileReference; includeInIndex = 1; lastKnownFileType = sourcecode.swift; path = PermissionService.swift; sourceTree = "<group>"; };
		BBE393BB6DC5F7B7B1A22DD3 /* Pods-Vaaluation-macOS.debug.xcconfig */ = {isa = PBXFileReference; includeInIndex = 1; lastKnownFileType = text.xcconfig; name = "Pods-Vaaluation-macOS.debug.xcconfig"; path = "Target Support Files/Pods-Vaaluation-macOS/Pods-Vaaluation-macOS.debug.xcconfig"; sourceTree = "<group>"; };
		BCD08045DBEB408FB2B9E64F /* GameLocator.swift */ = {isa = PBXFileReference; includeInIndex = 1; lastKnownFileType = sourcecode.swift; path = GameLocator.swift; sourceTree = "<group>"; };
		C1A5E33321A8D06F525E929A /* VLLogModule.swift */ = {isa = PBXFileReference; includeInIndex = 1; lastKnownFileType = sourcecode.swift; path = VLLogModule.swift; sourceTree = "<group>"; };
		D13F5198BA95668A2ECDFC55 /* VaaluationModules.m */ = {isa = PBXFileReference; includeInIndex = 1; lastKnownFileType = sourcecode.c.objc; path = VaaluationModules.m; sourceTree = "<group>"; };
		D5E85FCB98F12D4B6CD340B6 /* KeyComboTests.swift */ = {isa = PBXFileReference; includeInIndex = 1; lastKnownFileType = sourcecode.swift; path = KeyComboTests.swift; sourceTree = "<group>"; };
		DC70A541D10377FE08621D35 /* HotkeyCenter.swift */ = {isa = PBXFileReference; includeInIndex = 1; lastKnownFileType = sourcecode.swift; path = HotkeyCenter.swift; sourceTree = "<group>"; };
		ED297162215061F000B7C4FE /* JavaScriptCore.framework */ = {isa = PBXFileReference; lastKnownFileType = wrapper.framework; name = JavaScriptCore.framework; path = System/Library/Frameworks/JavaScriptCore.framework; sourceTree = SDKROOT; };
/* End PBXFileReference section */

/* Begin PBXFrameworksBuildPhase section */
		514201462437B4B30078DB4F /* Frameworks */ = {
			isa = PBXFrameworksBuildPhase;
			buildActionMask = 2147483647;
			files = (
				D4F677639FBA12578E379D39 /* libPods-Vaaluation-macOS.a in Frameworks */,
			);
			runOnlyForDeploymentPostprocessing = 0;
		};
		B8C1CFC29ADAA0716D4755FB /* Frameworks */ = {
			isa = PBXFrameworksBuildPhase;
			buildActionMask = 2147483647;
			files = (
				12697396A1209522102FC9E0 /* Cocoa.framework in Frameworks */,
			);
			runOnlyForDeploymentPostprocessing = 0;
		};
/* End PBXFrameworksBuildPhase section */

/* Begin PBXGroup section */
		2D16E6871FA4F8E400B85C8A /* Frameworks */ = {
			isa = PBXGroup;
			children = (
				ED297162215061F000B7C4FE /* JavaScriptCore.framework */,
				5D7D9F64AC2C307672F54D7A /* libPods-Vaaluation-macOS.a */,
				626F363A7CFA7246A2E75154 /* OS X */,
			);
			name = Frameworks;
			sourceTree = "<group>";
		};
		35E9A9FAFD021687BEB451F3 /* VaaluationTests */ = {
			isa = PBXGroup;
			children = (
				D5E85FCB98F12D4B6CD340B6 /* KeyComboTests.swift */,
				A8CFA25EA0CD62211C41490B /* HotkeySettingsParsingTests.swift */,
			);
			name = VaaluationTests;
			path = VaaluationTests;
			sourceTree = "<group>";
		};
		5142014A2437B4B30078DB4F /* Vaaluation-macOS */ = {
			isa = PBXGroup;
			children = (
				514201512437B4B40078DB4F /* Assets.xcassets */,
				514201562437B4B40078DB4F /* Info.plist */,
				514201592437B4B40078DB4F /* Vaaluation.entitlements */,
				38529207DCF185CF25959008 /* main.swift */,
				42FBA26AFA2667DACACED3C1 /* AppDelegate.swift */,
				0E4516344722C65BA9DBE6E9 /* ReactHost.swift */,
				3B80B8C60BF70F37758656B6 /* StatusItemController.swift */,
				8EDB5C62CC3EEDF2B5846057 /* SettingsWindowController.swift */,
				33D48C9124B0D9450BA3E79B /* SettingsStore.swift */,
				240305C6AA93FC8777D51691 /* LogStore.swift */,
				81368BF3CD40892875ED855C /* VLSettingsModule.swift */,
				C1A5E33321A8D06F525E929A /* VLLogModule.swift */,
				6C38B0A1F206AF0D81CE5D7C /* VLEventsModule.swift */,
				D13F5198BA95668A2ECDFC55 /* VaaluationModules.m */,
				0D11812BCC4AD3C4C98B555C /* Vaaluation-Bridging-Header.h */,
				05FB2875FA02863ABD5660CE /* PrivacyInfo.xcprivacy */,
				44DFEF41B75EFB2E10F1435B /* KeyCombo.swift */,
				DC70A541D10377FE08621D35 /* HotkeyCenter.swift */,
				B78BE21688D0EC2E322BB4C7 /* PermissionService.swift */,
				4366BFF47442E947BE623552 /* VLPermissionsModule.swift */,
				40204572A5C05583C813CC9A /* VLHotkeysModule.swift */,
				BCD08045DBEB408FB2B9E64F /* GameLocator.swift */,
				6D8A5663990062C021E2A7A8 /* ClipboardService.swift */,
				73428FDC40AC06D37FC3368D /* VLClipboardModule.swift */,
				A9540FB40722B840FA36ECE3 /* OverlayPanel.swift */,
				A702284B8144EC0176DA0DFD /* OverlayWindowController.swift */,
				4E3C8A5737C772C499E27447 /* GameLogWatcher.swift */,
				1B5B24F0A09AE81DEA0E4569 /* ChatSender.swift */,
				2C3ECACCC8206E31AE00BA4E /* VLTradeModule.swift */,
			);
			path = "Vaaluation-macOS";
			sourceTree = "<group>";
		};
		626F363A7CFA7246A2E75154 /* OS X */ = {
			isa = PBXGroup;
			children = (
				B303CF7C90B5BB28FD4D2C0E /* Cocoa.framework */,
			);
			name = "OS X";
			sourceTree = "<group>";
		};
		832341AE1AAA6A7D00B99B32 /* Libraries */ = {
			isa = PBXGroup;
			children = (
			);
			name = Libraries;
			sourceTree = "<group>";
		};
		83CBB9F61A601CBA00E9B192 = {
			isa = PBXGroup;
			children = (
				5142014A2437B4B30078DB4F /* Vaaluation-macOS */,
				832341AE1AAA6A7D00B99B32 /* Libraries */,
				83CBBA001A601CBA00E9B192 /* Products */,
				2D16E6871FA4F8E400B85C8A /* Frameworks */,
				A7F7D9444F12F259F68659DE /* Pods */,
				35E9A9FAFD021687BEB451F3 /* VaaluationTests */,
			);
			indentWidth = 2;
			sourceTree = "<group>";
			tabWidth = 2;
			usesTabs = 0;
		};
		83CBBA001A601CBA00E9B192 /* Products */ = {
			isa = PBXGroup;
			children = (
				303936647C698B334F094289 /* VaaluationTests.xctest */,
			);
			name = Products;
			sourceTree = "<group>";
		};
		A7F7D9444F12F259F68659DE /* Pods */ = {
			isa = PBXGroup;
			children = (
				BBE393BB6DC5F7B7B1A22DD3 /* Pods-Vaaluation-macOS.debug.xcconfig */,
				3EB8B3851113F3B07B5DC880 /* Pods-Vaaluation-macOS.release.xcconfig */,
			);
			name = Pods;
			path = Pods;
			sourceTree = "<group>";
		};
/* End PBXGroup section */

/* Begin PBXNativeTarget section */
		3CA586B795AE0406367BE433 /* VaaluationTests */ = {
			isa = PBXNativeTarget;
			buildConfigurationList = 5972B53FD8347D8B1F5E276A /* Build configuration list for PBXNativeTarget "VaaluationTests" */;
			buildPhases = (
				5E1BC9C97FD26CBF012005EB /* Sources */,
				B8C1CFC29ADAA0716D4755FB /* Frameworks */,
				74D607833480918B5800A089 /* Resources */,
			);
			buildRules = (
			);
			dependencies = (
			);
			name = VaaluationTests;
			productName = VaaluationTests;
			productReference = 303936647C698B334F094289 /* VaaluationTests.xctest */;
			productType = "com.apple.product-type.bundle.unit-test";
		};
		514201482437B4B30078DB4F /* Vaaluation-macOS */ = {
			isa = PBXNativeTarget;
			buildConfigurationList = 5142015A2437B4B40078DB4F /* Build configuration list for PBXNativeTarget "Vaaluation-macOS" */;
			buildPhases = (
				1A938104A937498D81B3BD3B /* [CP] Check Pods Manifest.lock */,
				514201452437B4B30078DB4F /* Sources */,
				514201462437B4B30078DB4F /* Frameworks */,
				514201472437B4B30078DB4F /* Resources */,
				381D8A6E24576A4E00465D17 /* Bundle React Native code and images */,
				D552F7DFE5F5C5615E4CB428 /* [CP] Embed Pods Frameworks */,
				314A6197BD9C9DF79F447003 /* [CP] Copy Pods Resources */,
			);
			buildRules = (
			);
			dependencies = (
			);
			name = "Vaaluation-macOS";
			productName = Vaaluation;
			productReference = 514201492437B4B30078DB4F /* Vaaluation.app */;
			productType = "com.apple.product-type.application";
		};
/* End PBXNativeTarget section */

/* Begin PBXProject section */
		83CBB9F71A601CBA00E9B192 /* Project object */ = {
			isa = PBXProject;
			attributes = {
				LastUpgradeCheck = 1130;
				TargetAttributes = {
					13B07F861A680F5B00A75B9A = {
						LastSwiftMigration = 1120;
					};
					514201482437B4B30078DB4F = {
						CreatedOnToolsVersion = 11.4;
						ProvisioningStyle = Automatic;
					};
				};
			};
			buildConfigurationList = 83CBB9FA1A601CBA00E9B192 /* Build configuration list for PBXProject "Vaaluation" */;
			compatibilityVersion = "Xcode 3.2";
			developmentRegion = en;
			hasScannedForEncodings = 0;
			knownRegions = (
				en,
				Base,
			);
			mainGroup = 83CBB9F61A601CBA00E9B192;
			productRefGroup = 83CBBA001A601CBA00E9B192 /* Products */;
			projectDirPath = "";
			projectRoot = "";
			targets = (
				514201482437B4B30078DB4F /* Vaaluation-macOS */,
				3CA586B795AE0406367BE433 /* VaaluationTests */,
			);
		};
/* End PBXProject section */

/* Begin PBXResourcesBuildPhase section */
		514201472437B4B30078DB4F /* Resources */ = {
			isa = PBXResourcesBuildPhase;
			buildActionMask = 2147483647;
			files = (
				514201522437B4B40078DB4F /* Assets.xcassets in Resources */,
				44F66BE01C838CB17E5A008E /* PrivacyInfo.xcprivacy in Resources */,
			);
			runOnlyForDeploymentPostprocessing = 0;
		};
		74D607833480918B5800A089 /* Resources */ = {
			isa = PBXResourcesBuildPhase;
			buildActionMask = 2147483647;
			files = (
			);
			runOnlyForDeploymentPostprocessing = 0;
		};
/* End PBXResourcesBuildPhase section */

/* Begin PBXShellScriptBuildPhase section */
		1A938104A937498D81B3BD3B /* [CP] Check Pods Manifest.lock */ = {
			isa = PBXShellScriptBuildPhase;
			buildActionMask = 2147483647;
			files = (
			);
			inputFileListPaths = (
			);
			inputPaths = (
				"${PODS_PODFILE_DIR_PATH}/Podfile.lock",
				"${PODS_ROOT}/Manifest.lock",
			);
			name = "[CP] Check Pods Manifest.lock";
			outputFileListPaths = (
			);
			outputPaths = (
				"$(DERIVED_FILE_DIR)/Pods-Vaaluation-macOS-checkManifestLockResult.txt",
			);
			runOnlyForDeploymentPostprocessing = 0;
			shellPath = /bin/sh;
			shellScript = "diff \"${PODS_PODFILE_DIR_PATH}/Podfile.lock\" \"${PODS_ROOT}/Manifest.lock\" > /dev/null\nif [ $? != 0 ] ; then\n    # print error to STDERR\n    echo \"error: The sandbox is not in sync with the Podfile.lock. Run 'pod install' or update your CocoaPods installation.\" >&2\n    exit 1\nfi\n# This output is used by Xcode 'outputs' to avoid re-running this script phase.\necho \"SUCCESS\" > \"${SCRIPT_OUTPUT_FILE_0}\"\n";
			showEnvVarsInLog = 0;
		};
		314A6197BD9C9DF79F447003 /* [CP] Copy Pods Resources */ = {
			isa = PBXShellScriptBuildPhase;
			buildActionMask = 2147483647;
			files = (
			);
			inputPaths = (
				"${PODS_ROOT}/Target Support Files/Pods-Vaaluation-macOS/Pods-Vaaluation-macOS-resources.sh",
				"${PODS_CONFIGURATION_BUILD_DIR}/RCT-Folly/RCT-Folly_privacy.bundle",
				"${PODS_CONFIGURATION_BUILD_DIR}/React-Core/React-Core_privacy.bundle",
				"${PODS_CONFIGURATION_BUILD_DIR}/React-cxxreact/React-cxxreact_privacy.bundle",
				"${PODS_CONFIGURATION_BUILD_DIR}/boost/boost_privacy.bundle",
				"${PODS_CONFIGURATION_BUILD_DIR}/glog/glog_privacy.bundle",
			);
			name = "[CP] Copy Pods Resources";
			outputPaths = (
				"${TARGET_BUILD_DIR}/${UNLOCALIZED_RESOURCES_FOLDER_PATH}/RCT-Folly_privacy.bundle",
				"${TARGET_BUILD_DIR}/${UNLOCALIZED_RESOURCES_FOLDER_PATH}/React-Core_privacy.bundle",
				"${TARGET_BUILD_DIR}/${UNLOCALIZED_RESOURCES_FOLDER_PATH}/React-cxxreact_privacy.bundle",
				"${TARGET_BUILD_DIR}/${UNLOCALIZED_RESOURCES_FOLDER_PATH}/boost_privacy.bundle",
				"${TARGET_BUILD_DIR}/${UNLOCALIZED_RESOURCES_FOLDER_PATH}/glog_privacy.bundle",
			);
			runOnlyForDeploymentPostprocessing = 0;
			shellPath = /bin/sh;
			shellScript = "\"${PODS_ROOT}/Target Support Files/Pods-Vaaluation-macOS/Pods-Vaaluation-macOS-resources.sh\"\n";
			showEnvVarsInLog = 0;
		};
		381D8A6E24576A4E00465D17 /* Bundle React Native code and images */ = {
			isa = PBXShellScriptBuildPhase;
			buildActionMask = 2147483647;
			files = (
			);
			inputFileListPaths = (
			);
			inputPaths = (
			);
			name = "Bundle React Native code and images";
			outputFileListPaths = (
			);
			outputPaths = (
			);
			runOnlyForDeploymentPostprocessing = 0;
			shellPath = /bin/sh;
			shellScript = "export NODE_BINARY=node\n../../../node_modules/react-native-macos/scripts/react-native-xcode.sh\n";
		};
		D552F7DFE5F5C5615E4CB428 /* [CP] Embed Pods Frameworks */ = {
			isa = PBXShellScriptBuildPhase;
			buildActionMask = 2147483647;
			files = (
			);
			inputPaths = (
				"${PODS_ROOT}/Target Support Files/Pods-Vaaluation-macOS/Pods-Vaaluation-macOS-frameworks.sh",
				"${PODS_ROOT}/hermes-engine/destroot/Library/Frameworks/macosx/hermes.framework",
			);
			name = "[CP] Embed Pods Frameworks";
			outputPaths = (
				"${TARGET_BUILD_DIR}/${FRAMEWORKS_FOLDER_PATH}/hermes.framework",
			);
			runOnlyForDeploymentPostprocessing = 0;
			shellPath = /bin/sh;
			shellScript = "\"${PODS_ROOT}/Target Support Files/Pods-Vaaluation-macOS/Pods-Vaaluation-macOS-frameworks.sh\"\n";
			showEnvVarsInLog = 0;
		};
/* End PBXShellScriptBuildPhase section */

/* Begin PBXSourcesBuildPhase section */
		514201452437B4B30078DB4F /* Sources */ = {
			isa = PBXSourcesBuildPhase;
			buildActionMask = 2147483647;
			files = (
				BFF2EE8519FE267E51C09757 /* main.swift in Sources */,
				5AEDD58F321DBF22A2CB33AA /* AppDelegate.swift in Sources */,
				6C40D4035A68C6484EC25C23 /* ReactHost.swift in Sources */,
				5F468021CB5B978730AE2573 /* StatusItemController.swift in Sources */,
				EDD950BFF6A7E14D7A28B71D /* SettingsWindowController.swift in Sources */,
				1690986E0D8870C8AAA56460 /* SettingsStore.swift in Sources */,
				68C87FEB0C9C4FB4203E2BF9 /* LogStore.swift in Sources */,
				0BCE573C1B63363AB6B1C149 /* VLSettingsModule.swift in Sources */,
				0FBF239FF984C48FD6B937C9 /* VLLogModule.swift in Sources */,
				608B357E591D44B2262B9B9D /* VLEventsModule.swift in Sources */,
				8EA37AF6622B0834EEBA37D6 /* VaaluationModules.m in Sources */,
				9A23B852E1686DDE0900DCEA /* KeyCombo.swift in Sources */,
				CD783F47466A13D0A29647B9 /* HotkeyCenter.swift in Sources */,
				CA2920A90CD53B2D08012B3E /* PermissionService.swift in Sources */,
				A04FF082C06452BF534D1126 /* VLPermissionsModule.swift in Sources */,
				D30D99F41D40125C969CE038 /* VLHotkeysModule.swift in Sources */,
				A6FEFDFF1DA5FDFE181EE153 /* GameLocator.swift in Sources */,
				B70227B36192B6CCFF27F03D /* ClipboardService.swift in Sources */,
				A013EE07ECDAB6A5790299CD /* VLClipboardModule.swift in Sources */,
				2B441AAAE31406CA5025D7C9 /* OverlayPanel.swift in Sources */,
				1CF6CF38A6DFAF00B13D3AB5 /* OverlayWindowController.swift in Sources */,
				23B1BAC620311EB7F1A8DDCA /* GameLogWatcher.swift in Sources */,
				92E695D35201919BFA6CA00B /* ChatSender.swift in Sources */,
				B550BF618DC5430BEDF6B9CC /* VLTradeModule.swift in Sources */,
			);
			runOnlyForDeploymentPostprocessing = 0;
		};
		5E1BC9C97FD26CBF012005EB /* Sources */ = {
			isa = PBXSourcesBuildPhase;
			buildActionMask = 2147483647;
			files = (
				DF9500C81B596470B049AE4F /* KeyComboTests.swift in Sources */,
				1B4A5AF583B6B11CF051E640 /* HotkeySettingsParsingTests.swift in Sources */,
				EAA2B5A8B506FB95DA66F9B7 /* KeyCombo.swift in Sources */,
				155D901B5C13FAC446258458 /* HotkeyCenter.swift in Sources */,
				BB2C67662436BD82F484D9C8 /* LogStore.swift in Sources */,
				1BAE76ECE790331CC8E26A5A /* SettingsStore.swift in Sources */,
			);
			runOnlyForDeploymentPostprocessing = 0;
		};
/* End PBXSourcesBuildPhase section */

/* Begin XCBuildConfiguration section */
		253E213A6CA9181EEEFA8282 /* Debug */ = {
			isa = XCBuildConfiguration;
			buildSettings = {
				CODE_SIGN_IDENTITY = "-";
				CODE_SIGN_STYLE = Automatic;
				GENERATE_INFOPLIST_FILE = YES;
				MACOSX_DEPLOYMENT_TARGET = 14.0;
				PRODUCT_BUNDLE_IDENTIFIER = com.vaaluation.tests;
				PRODUCT_MODULE_NAME = VaaluationTests;
				PRODUCT_NAME = VaaluationTests;
				SDKROOT = macosx;
				SWIFT_VERSION = 5.9;
			};
			name = Debug;
		};
		3118B6817D080D70BD5B061A /* Release */ = {
			isa = XCBuildConfiguration;
			buildSettings = {
				CODE_SIGN_IDENTITY = "-";
				CODE_SIGN_STYLE = Automatic;
				GENERATE_INFOPLIST_FILE = YES;
				MACOSX_DEPLOYMENT_TARGET = 14.0;
				PRODUCT_BUNDLE_IDENTIFIER = com.vaaluation.tests;
				PRODUCT_MODULE_NAME = VaaluationTests;
				PRODUCT_NAME = VaaluationTests;
				SDKROOT = macosx;
				SWIFT_VERSION = 5.9;
			};
			name = Release;
		};
		5142015B2437B4B40078DB4F /* Debug */ = {
			isa = XCBuildConfiguration;
			baseConfigurationReference = BBE393BB6DC5F7B7B1A22DD3 /* Pods-Vaaluation-macOS.debug.xcconfig */;
			buildSettings = {
				ASSETCATALOG_COMPILER_APPICON_NAME = AppIcon;
				CLANG_ENABLE_MODULES = YES;
				CODE_SIGN_ENTITLEMENTS = "Vaaluation-macOS/Vaaluation.entitlements";
				CODE_SIGN_IDENTITY = "-";
				CODE_SIGN_STYLE = Automatic;
				CURRENT_PROJECT_VERSION = 1;
				DEAD_CODE_STRIPPING = NO;
				ENABLE_HARDENED_RUNTIME = YES;
				INFOPLIST_FILE = "Vaaluation-macOS/Info.plist";
				LD_RUNPATH_SEARCH_PATHS = "$(inherited) @executable_path/Frameworks";
				MACOSX_DEPLOYMENT_TARGET = 14.0;
				OTHER_LDFLAGS = (
					"$(inherited)",
					"-ObjC",
					"-lc++",
				);
				PRODUCT_BUNDLE_IDENTIFIER = com.vaaluation.app;
				PRODUCT_NAME = Vaaluation;
				SDKROOT = macosx;
				SWIFT_OBJC_BRIDGING_HEADER = "Vaaluation-macOS/Vaaluation-Bridging-Header.h";
				SWIFT_OPTIMIZATION_LEVEL = "-Onone";
				SWIFT_VERSION = 5.9;
			};
			name = Debug;
		};
		5142015C2437B4B40078DB4F /* Release */ = {
			isa = XCBuildConfiguration;
			baseConfigurationReference = 3EB8B3851113F3B07B5DC880 /* Pods-Vaaluation-macOS.release.xcconfig */;
			buildSettings = {
				ASSETCATALOG_COMPILER_APPICON_NAME = AppIcon;
				CLANG_ENABLE_MODULES = YES;
				CODE_SIGN_ENTITLEMENTS = "Vaaluation-macOS/Vaaluation.entitlements";
				CODE_SIGN_IDENTITY = "-";
				CODE_SIGN_STYLE = Automatic;
				CURRENT_PROJECT_VERSION = 1;
				ENABLE_HARDENED_RUNTIME = YES;
				INFOPLIST_FILE = "Vaaluation-macOS/Info.plist";
				LD_RUNPATH_SEARCH_PATHS = "$(inherited) @executable_path/Frameworks";
				MACOSX_DEPLOYMENT_TARGET = 14.0;
				OTHER_LDFLAGS = (
					"$(inherited)",
					"-ObjC",
					"-lc++",
				);
				PRODUCT_BUNDLE_IDENTIFIER = com.vaaluation.app;
				PRODUCT_NAME = Vaaluation;
				SDKROOT = macosx;
				SWIFT_OBJC_BRIDGING_HEADER = "Vaaluation-macOS/Vaaluation-Bridging-Header.h";
				SWIFT_VERSION = 5.9;
			};
			name = Release;
		};
		83CBBA201A601CBA00E9B192 /* Debug */ = {
			isa = XCBuildConfiguration;
			buildSettings = {
				ALWAYS_SEARCH_USER_PATHS = NO;
				CLANG_ANALYZER_LOCALIZABILITY_NONLOCALIZED = YES;
				CLANG_CXX_LANGUAGE_STANDARD = "c++20";
				CLANG_CXX_LIBRARY = "libc++";
				CLANG_ENABLE_MODULES = YES;
				CLANG_ENABLE_OBJC_ARC = YES;
				CLANG_WARN_BLOCK_CAPTURE_AUTORELEASING = YES;
				CLANG_WARN_BOOL_CONVERSION = YES;
				CLANG_WARN_COMMA = YES;
				CLANG_WARN_CONSTANT_CONVERSION = YES;
				CLANG_WARN_DEPRECATED_OBJC_IMPLEMENTATIONS = YES;
				CLANG_WARN_DIRECT_OBJC_ISA_USAGE = YES_ERROR;
				CLANG_WARN_EMPTY_BODY = YES;
				CLANG_WARN_ENUM_CONVERSION = YES;
				CLANG_WARN_INFINITE_RECURSION = YES;
				CLANG_WARN_INT_CONVERSION = YES;
				CLANG_WARN_NON_LITERAL_NULL_CONVERSION = YES;
				CLANG_WARN_OBJC_IMPLICIT_RETAIN_SELF = YES;
				CLANG_WARN_OBJC_LITERAL_CONVERSION = YES;
				CLANG_WARN_OBJC_ROOT_CLASS = YES_ERROR;
				CLANG_WARN_RANGE_LOOP_ANALYSIS = YES;
				CLANG_WARN_STRICT_PROTOTYPES = YES;
				CLANG_WARN_SUSPICIOUS_MOVE = YES;
				CLANG_WARN_UNREACHABLE_CODE = YES;
				CLANG_WARN__DUPLICATE_METHOD_MATCH = YES;
				"CODE_SIGN_IDENTITY[sdk=iphoneos*]" = "iPhone Developer";
				COPY_PHASE_STRIP = NO;
				ENABLE_STRICT_OBJC_MSGSEND = YES;
				ENABLE_TESTABILITY = YES;
				GCC_C_LANGUAGE_STANDARD = gnu99;
				GCC_DYNAMIC_NO_PIC = NO;
				GCC_NO_COMMON_BLOCKS = YES;
				GCC_OPTIMIZATION_LEVEL = 0;
				GCC_PREPROCESSOR_DEFINITIONS = (
					"DEBUG=1",
					"$(inherited)",
				);
				GCC_SYMBOLS_PRIVATE_EXTERN = NO;
				GCC_WARN_64_TO_32_BIT_CONVERSION = YES;
				GCC_WARN_ABOUT_RETURN_TYPE = YES_ERROR;
				GCC_WARN_UNDECLARED_SELECTOR = YES;
				GCC_WARN_UNINITIALIZED_AUTOS = YES_AGGRESSIVE;
				GCC_WARN_UNUSED_FUNCTION = YES;
				GCC_WARN_UNUSED_VARIABLE = YES;
				IPHONEOS_DEPLOYMENT_TARGET = 9.0;
				LD_RUNPATH_SEARCH_PATHS = "/usr/lib/swift $(inherited)";
				LIBRARY_SEARCH_PATHS = (
					"$(SDKROOT)/usr/lib/swift",
					"\"$(TOOLCHAIN_DIR)/usr/lib/swift/$(PLATFORM_NAME)\"",
					"\"$(inherited)\"",
				);
				MTL_ENABLE_DEBUG_INFO = YES;
				ONLY_ACTIVE_ARCH = YES;
				REACT_NATIVE_PATH = "${PODS_ROOT}/../../../../node_modules/react-native-macos";
				SDKROOT = iphoneos;
				SWIFT_ACTIVE_COMPILATION_CONDITIONS = "$(inherited) DEBUG";
				USE_HERMES = true;
			};
			name = Debug;
		};
		83CBBA211A601CBA00E9B192 /* Release */ = {
			isa = XCBuildConfiguration;
			buildSettings = {
				ALWAYS_SEARCH_USER_PATHS = NO;
				CLANG_ANALYZER_LOCALIZABILITY_NONLOCALIZED = YES;
				CLANG_CXX_LANGUAGE_STANDARD = "c++20";
				CLANG_CXX_LIBRARY = "libc++";
				CLANG_ENABLE_MODULES = YES;
				CLANG_ENABLE_OBJC_ARC = YES;
				CLANG_WARN_BLOCK_CAPTURE_AUTORELEASING = YES;
				CLANG_WARN_BOOL_CONVERSION = YES;
				CLANG_WARN_COMMA = YES;
				CLANG_WARN_CONSTANT_CONVERSION = YES;
				CLANG_WARN_DEPRECATED_OBJC_IMPLEMENTATIONS = YES;
				CLANG_WARN_DIRECT_OBJC_ISA_USAGE = YES_ERROR;
				CLANG_WARN_EMPTY_BODY = YES;
				CLANG_WARN_ENUM_CONVERSION = YES;
				CLANG_WARN_INFINITE_RECURSION = YES;
				CLANG_WARN_INT_CONVERSION = YES;
				CLANG_WARN_NON_LITERAL_NULL_CONVERSION = YES;
				CLANG_WARN_OBJC_IMPLICIT_RETAIN_SELF = YES;
				CLANG_WARN_OBJC_LITERAL_CONVERSION = YES;
				CLANG_WARN_OBJC_ROOT_CLASS = YES_ERROR;
				CLANG_WARN_RANGE_LOOP_ANALYSIS = YES;
				CLANG_WARN_STRICT_PROTOTYPES = YES;
				CLANG_WARN_SUSPICIOUS_MOVE = YES;
				CLANG_WARN_UNREACHABLE_CODE = YES;
				CLANG_WARN__DUPLICATE_METHOD_MATCH = YES;
				"CODE_SIGN_IDENTITY[sdk=iphoneos*]" = "iPhone Developer";
				COPY_PHASE_STRIP = YES;
				ENABLE_NS_ASSERTIONS = NO;
				ENABLE_STRICT_OBJC_MSGSEND = YES;
				GCC_C_LANGUAGE_STANDARD = gnu99;
				GCC_NO_COMMON_BLOCKS = YES;
				GCC_WARN_64_TO_32_BIT_CONVERSION = YES;
				GCC_WARN_ABOUT_RETURN_TYPE = YES_ERROR;
				GCC_WARN_UNDECLARED_SELECTOR = YES;
				GCC_WARN_UNINITIALIZED_AUTOS = YES_AGGRESSIVE;
				GCC_WARN_UNUSED_FUNCTION = YES;
				GCC_WARN_UNUSED_VARIABLE = YES;
				IPHONEOS_DEPLOYMENT_TARGET = 9.0;
				LD_RUNPATH_SEARCH_PATHS = "/usr/lib/swift $(inherited)";
				LIBRARY_SEARCH_PATHS = (
					"$(SDKROOT)/usr/lib/swift",
					"\"$(TOOLCHAIN_DIR)/usr/lib/swift/$(PLATFORM_NAME)\"",
					"\"$(inherited)\"",
				);
				MTL_ENABLE_DEBUG_INFO = NO;
				REACT_NATIVE_PATH = "${PODS_ROOT}/../../../../node_modules/react-native-macos";
				SDKROOT = iphoneos;
				USE_HERMES = true;
				VALIDATE_PRODUCT = YES;
			};
			name = Release;
		};
/* End XCBuildConfiguration section */

/* Begin XCConfigurationList section */
		5142015A2437B4B40078DB4F /* Build configuration list for PBXNativeTarget "Vaaluation-macOS" */ = {
			isa = XCConfigurationList;
			buildConfigurations = (
				5142015B2437B4B40078DB4F /* Debug */,
				5142015C2437B4B40078DB4F /* Release */,
			);
			defaultConfigurationIsVisible = 0;
			defaultConfigurationName = Release;
		};
		5972B53FD8347D8B1F5E276A /* Build configuration list for PBXNativeTarget "VaaluationTests" */ = {
			isa = XCConfigurationList;
			buildConfigurations = (
				3118B6817D080D70BD5B061A /* Release */,
				253E213A6CA9181EEEFA8282 /* Debug */,
			);
			defaultConfigurationIsVisible = 0;
			defaultConfigurationName = Release;
		};
		83CBB9FA1A601CBA00E9B192 /* Build configuration list for PBXProject "Vaaluation" */ = {
			isa = XCConfigurationList;
			buildConfigurations = (
				83CBBA201A601CBA00E9B192 /* Debug */,
				83CBBA211A601CBA00E9B192 /* Release */,
			);
			defaultConfigurationIsVisible = 0;
			defaultConfigurationName = Release;
		};
/* End XCConfigurationList section */
	};
	rootObject = 83CBB9F71A601CBA00E9B192 /* Project object */;
}
